{
  "name": "stream-write",
  "version": "2.0.0",
  "lockfileVersion": 2,
  "requires": true,
  "packages": {
    "": {
      "version": "2.0.0",
      "license": "MIT",
      "devDependencies": {
        "baretest": "^2.0.0"
      }
    },
    "node_modules/barecolor": {
      "version": "1.0.1",
      "resolved": "https://registry.npmjs.org/barecolor/-/barecolor-1.0.1.tgz",
      "integrity": "sha512-ncJ680U+r1CGBt73L3O6V9GIAPy3hbDmWODEQajwEnDmmzeStvc4UYhapUSxUpS76+MHxyRihzZfwhyl122Zdw==",
      "dev": true
    },
    "node_modules/baretest": {
      "version": "2.0.0",
      "resolved": "https://registry.npmjs.org/baretest/-/baretest-2.0.0.tgz",
      "integrity": "sha512-hRmYnBojeijT3jH0GtqLoHus+adPoeYh2NmcNT3wBPH903AUphcFqs1gJ64fBovDXql51Df24g9D9jcXRZd4vA==",
      "dev": true,
      "dependencies": {
        "barecolor": "1.0.1"
      }
    }
  },
  "dependencies": {
    "barecolor": {
      "version": "1.0.1",
      "resolved": "https://registry.npmjs.org/barecolor/-/barecolor-1.0.1.tgz",
      "integrity": "sha512-ncJ680U+r1CGBt73L3O6V9GIAPy3hbDmWODEQajwEnDmmzeStvc4UYhapUSxUpS76+MHxyRihzZfwhyl122Zdw==",
      "dev": true
    },
    "baretest": {
      "version": "2.0.0",
      "resolved": "https://registry.npmjs.org/baretest/-/baretest-2.0.0.tgz",
      "integrity": "sha512-hRmYnBojeijT3jH0GtqLoHus+adPoeYh2NmcNT3wBPH903AUphcFqs1gJ64fBovDXql51Df24g9D9jcXRZd4vA==",
      "dev": true,
      "requires": {
        "barecolor": "1.0.1"
      }
    }
  }
}
